{
    "_meta": {
        "hash": {
            "sha256": "a97ec94b51cf7718a6e881dcd5635fcb4d1ba100802da172b570fdb6126e391a"
        },
        "pipfile-spec": 6,
        "requires": {
            "python_version": "3.13"
        },
        "sources": [
            {
                "name": "pypi",
                "url": "https://pypi.org/simple",
                "verify_ssl": true
            }
        ]
    },
    "default": {
        "keyboard": {
            "hashes": [
                "sha256:63ed83305955939ca5c9a73755e5cc43e8242263f5ad5fd3bb7e0b032f3d308b",
                "sha256:8e9c2422f1217e0bd84489b9ecd361027cc78415828f4fe4f88dd4acd587947b"
            ],
            "index": "pypi",
            "version": "==0.13.5"
        },
        "pyperclip": {
            "hashes": [
                "sha256:b7de0142ddc81bfc5c7507eea19da920b92252b548b96186caf94a5e2527d310"
            ],
            "index": "pypi",
            "version": "==1.9.0"
        }
    },
    "develop": {}
}
